// !$*UTF8*$!
{
	archiveVersion = 1;
	classes = {
	};
	objectVersion = 50;
	objects = {

/* Begin PBXBuildFile section */
		DE2D615821AB3F420058FACB /* Applicant.swift in Sources */ = {isa = PBXBuildFile; fileRef = DE2D615721AB3F420058FACB /* Applicant.swift */; };
		DE2D615A21AB3F550058FACB /* Company.swift in Sources */ = {isa = PBXBuildFile; fileRef = DE2D615921AB3F550058FACB /* Company.swift */; };
		DE34CA3E2198614A00B44AE2 /* AppDelegate.swift in Sources */ = {isa = PBXBuildFile; fileRef = DE34CA3D2198614A00B44AE2 /* AppDelegate.swift */; };
		DE34CA402198614A00B44AE2 /* ViewController.swift in Sources */ = {isa = PBXBuildFile; fileRef = DE34CA3F2198614A00B44AE2 /* ViewController.swift */; };
		DE34CA432198614A00B44AE2 /* Main.storyboard in Resources */ = {isa = PBXBuildFile; fileRef = DE34CA412198614A00B44AE2 /* Main.storyboard */; };
		DE34CA462198614A00B44AE2 /* JobHunter.xcdatamodeld in Sources */ = {isa = PBXBuildFile; fileRef = DE34CA442198614A00B44AE2 /* JobHunter.xcdatamodeld */; };
		DE34CA482198614C00B44AE2 /* Assets.xcassets in Resources */ = {isa = PBXBuildFile; fileRef = DE34CA472198614C00B44AE2 /* Assets.xcassets */; };
		DE34CA4B2198614C00B44AE2 /* LaunchScreen.storyboard in Resources */ = {isa = PBXBuildFile; fileRef = DE34CA492198614C00B44AE2 /* LaunchScreen.storyboard */; };
		DE34CA542198A5D300B44AE2 /* UserSignupViewController.swift in Sources */ = {isa = PBXBuildFile; fileRef = DE34CA532198A5D300B44AE2 /* UserSignupViewController.swift */; };
		DE34CA562198A5E900B44AE2 /* CompanySignupViewController.swift in Sources */ = {isa = PBXBuildFile; fileRef = DE34CA552198A5E900B44AE2 /* CompanySignupViewController.swift */; };
		DE34CA592198C52700B44AE2 /* RoundedButton.swift in Sources */ = {isa = PBXBuildFile; fileRef = DE34CA582198C52700B44AE2 /* RoundedButton.swift */; };
/* End PBXBuildFile section */

/* Begin PBXFileReference section */
		DE2D615721AB3F420058FACB /* Applicant.swift */ = {isa = PBXFileReference; lastKnownFileType = sourcecode.swift; path = Applicant.swift; sourceTree = "<group>"; };
		DE2D615921AB3F550058FACB /* Company.swift */ = {isa = PBXFileReference; lastKnownFileType = sourcecode.swift; path = Company.swift; sourceTree = "<group>"; };
		DE34CA3A2198614A00B44AE2 /* JobHunter.app */ = {isa = PBXFileReference; explicitFileType = wrapper.application; includeInIndex = 0; path = JobHunter.app; sourceTree = BUILT_PRODUCTS_DIR; };
		DE34CA3D2198614A00B44AE2 /* AppDelegate.swift */ = {isa = PBXFileReference; lastKnownFileType = sourcecode.swift; path = AppDelegate.swift; sourceTree = "<group>"; };
		DE34CA3F2198614A00B44AE2 /* ViewController.swift */ = {isa = PBXFileReference; lastKnownFileType = sourcecode.swift; path = ViewController.swift; sourceTree = "<group>"; };
		DE34CA422198614A00B44AE2 /* Base */ = {isa = PBXFileReference; lastKnownFileType = file.storyboard; name = Base; path = Base.lproj/Main.storyboard; sourceTree = "<group>"; };
		DE34CA452198614A00B44AE2 /* JobHunter.xcdatamodel */ = {isa = PBXFileReference; lastKnownFileType = wrapper.xcdatamodel; path = JobHunter.xcdatamodel; sourceTree = "<group>"; };
		DE34CA472198614C00B44AE2 /* Assets.xcassets */ = {isa = PBXFileReference; lastKnownFileType = folder.assetcatalog; path = Assets.xcassets; sourceTree = "<group>"; };
		DE34CA4A2198614C00B44AE2 /* Base */ = {isa = PBXFileReference; lastKnownFileType = file.storyboard; name = Base; path = Base.lproj/LaunchScreen.storyboard; sourceTree = "<group>"; };
		DE34CA4C2198614C00B44AE2 /* Info.plist */ = {isa = PBXFileReference; lastKnownFileType = text.plist.xml; path = Info.plist; sourceTree = "<group>"; };
		DE34CA532198A5D300B44AE2 /* UserSignupViewController.swift */ = {isa = PBXFileReference; lastKnownFileType = sourcecode.swift; path = UserSignupViewController.swift; sourceTree = "<group>"; };
		DE34CA552198A5E900B44AE2 /* CompanySignupViewController.swift */ = {isa = PBXFileReference; lastKnownFileType = sourcecode.swift; path = CompanySignupViewController.swift; sourceTree = "<group>"; };
		DE34CA582198C52700B44AE2 /* RoundedButton.swift */ = {isa = PBXFileReference; lastKnownFileType = sourcecode.swift; path = RoundedButton.swift; sourceTree = "<group>"; };
/* End PBXFileReference section */

/* Begin PBXFrameworksBuildPhase section */
		DE34CA372198614A00B44AE2 /* Frameworks */ = {
			isa = PBXFrameworksBuildPhase;
			buildActionMask = 2147483647;
			files = (
			);
			runOnlyForDeploymentPostprocessing = 0;
		};
/* End PBXFrameworksBuildPhase section */

/* Begin PBXGroup section */
		DE2D615621AB3C530058FACB /* Model */ = {
			isa = PBXGroup;
			children = (
				DE2D615721AB3F420058FACB /* Applicant.swift */,
				DE2D615921AB3F550058FACB /* Company.swift */,
			);
			path = Model;
			sourceTree = "<group>";
		};
		DE34CA312198614A00B44AE2 = {
			isa = PBXGroup;
			children = (
				DE34CA3C2198614A00B44AE2 /* JobHunter */,
				DE34CA3B2198614A00B44AE2 /* Products */,
			);
			sourceTree = "<group>";
		};
		DE34CA3B2198614A00B44AE2 /* Products */ = {
			isa = PBXGroup;
			children = (
				DE34CA3A2198614A00B44AE2 /* JobHunter.app */,
			);
			name = Products;
			sourceTree = "<group>";
		};
		DE34CA3C2198614A00B44AE2 /* JobHunter */ = {
			isa = PBXGroup;
			children = (
				DE2D615621AB3C530058FACB /* Model */,
				DE34CA572198C50D00B44AE2 /* UIComponents */,
				DE34CA522198892B00B44AE2 /* Controller */,
				DE34CA3D2198614A00B44AE2 /* AppDelegate.swift */,
				DE34CA3F2198614A00B44AE2 /* ViewController.swift */,
				DE34CA552198A5E900B44AE2 /* CompanySignupViewController.swift */,
				DE34CA532198A5D300B44AE2 /* UserSignupViewController.swift */,
				DE34CA412198614A00B44AE2 /* Main.storyboard */,
				DE34CA472198614C00B44AE2 /* Assets.xcassets */,
				DE34CA492198614C00B44AE2 /* LaunchScreen.storyboard */,
				DE34CA4C2198614C00B44AE2 /* Info.plist */,
				DE34CA442198614A00B44AE2 /* JobHunter.xcdatamodeld */,
			);
			path = JobHunter;
			sourceTree = "<group>";
		};
		DE34CA522198892B00B44AE2 /* Controller */ = {
			isa = PBXGroup;
			children = (
			);
			path = Controller;
			sourceTree = "<group>";
		};
		DE34CA572198C50D00B44AE2 /* UIComponents */ = {
			isa = PBXGroup;
			children = (
				DE34CA582198C52700B44AE2 /* RoundedButton.swift */,
			);
			path = UIComponents;
			sourceTree = "<group>";
		};
/* End PBXGroup section */

/* Begin PBXNativeTarget section */
		DE34CA392198614A00B44AE2 /* JobHunter */ = {
			isa = PBXNativeTarget;
			buildConfigurationList = DE34CA4F2198614C00B44AE2 /* Build configuration list for PBXNativeTarget "JobHunter" */;
			buildPhases = (
				DE34CA362198614A00B44AE2 /* Sources */,
				DE34CA372198614A00B44AE2 /* Frameworks */,
				DE34CA382198614A00B44AE2 /* Resources */,
			);
			buildRules = (
			);
			dependencies = (
			);
			name = JobHunter;
			productName = JobHunter;
			productReference = DE34CA3A2198614A00B44AE2 /* JobHunter.app */;
			productType = "com.apple.product-type.application";
		};
/* End PBXNativeTarget section */

/* Begin PBXProject section */
		DE34CA322198614A00B44AE2 /* Project object */ = {
			isa = PBXProject;
			attributes = {
				LastSwiftUpdateCheck = 1000;
				LastUpgradeCheck = 1000;
				ORGANIZATIONNAME = Esprit;
				TargetAttributes = {
					DE34CA392198614A00B44AE2 = {
						CreatedOnToolsVersion = 10.0;
					};
				};
			};
			buildConfigurationList = DE34CA352198614A00B44AE2 /* Build configuration list for PBXProject "JobHunter" */;
			compatibilityVersion = "Xcode 9.3";
			developmentRegion = en;
			hasScannedForEncodings = 0;
			knownRegions = (
				en,
				Base,
			);
			mainGroup = DE34CA312198614A00B44AE2;
			productRefGroup = DE34CA3B2198614A00B44AE2 /* Products */;
			projectDirPath = "";
			projectRoot = "";
			targets = (
				DE34CA392198614A00B44AE2 /* JobHunter */,
			);
		};
/* End PBXProject section */

/* Begin PBXResourcesBuildPhase section */
		DE34CA382198614A00B44AE2 /* Resources */ = {
			isa = PBXResourcesBuildPhase;
			buildActionMask = 2147483647;
			files = (
				DE34CA4B2198614C00B44AE2 /* LaunchScreen.storyboard in Resources */,
				DE34CA482198614C00B44AE2 /* Assets.xcassets in Resources */,
				DE34CA432198614A00B44AE2 /* Main.storyboard in Resources */,
			);
			runOnlyForDeploymentPostprocessing = 0;
		};
/* End PBXResourcesBuildPhase section */

/* Begin PBXSourcesBuildPhase section */
		DE34CA362198614A00B44AE2 /* Sources */ = {
			isa = PBXSourcesBuildPhase;
			buildActionMask = 2147483647;
			files = (
				DE34CA402198614A00B44AE2 /* ViewController.swift in Sources */,
				DE34CA592198C52700B44AE2 /* RoundedButton.swift in Sources */,
				DE34CA562198A5E900B44AE2 /* CompanySignupViewController.swift in Sources */,
				DE34CA542198A5D300B44AE2 /* UserSignupViewController.swift in Sources */,
				DE2D615821AB3F420058FACB /* Applicant.swift in Sources */,
				DE34CA462198614A00B44AE2 /* JobHunter.xcdatamodeld in Sources */,
				DE34CA3E2198614A00B44AE2 /* AppDelegate.swift in Sources */,
				DE2D615A21AB3F550058FACB /* Company.swift in Sources */,
			);
			runOnlyForDeploymentPostprocessing = 0;
		};
/* End PBXSourcesBuildPhase section */

/* Begin PBXVariantGroup section */
		DE34CA412198614A00B44AE2 /* Main.storyboard */ = {
			isa = PBXVariantGroup;
			children = (
				DE34CA422198614A00B44AE2 /* Base */,
			);
			name = Main.storyboard;
			sourceTree = "<group>";
		};
		DE34CA492198614C00B44AE2 /* LaunchScreen.storyboard */ = {
			isa = PBXVariantGroup;
			children = (
				DE34CA4A2198614C00B44AE2 /* Base */,
			);
			name = LaunchScreen.storyboard;
			sourceTree = "<group>";
		};
/* End PBXVariantGroup section */

/* Begin XCBuildConfiguration section */
		DE34CA4D2198614C00B44AE2 /* Debug */ = {
			isa = XCBuildConfiguration;
			buildSettings = {
				ALWAYS_SEARCH_USER_PATHS = NO;
				CLANG_ANALYZER_NONNULL = YES;
				CLANG_ANALYZER_NUMBER_OBJECT_CONVERSION = YES_AGGRESSIVE;
				CLANG_CXX_LANGUAGE_STANDARD = "gnu++14";
				CLANG_CXX_LIBRARY = "libc++";
				CLANG_ENABLE_MODULES = YES;
				CLANG_ENABLE_OBJC_ARC = YES;
				CLANG_ENABLE_OBJC_WEAK = YES;
				CLANG_WARN_BLOCK_CAPTURE_AUTORELEASING = YES;
				CLANG_WARN_BOOL_CONVERSION = YES;
				CLANG_WARN_COMMA = YES;
				CLANG_WARN_CONSTANT_CONVERSION = YES;
				CLANG_WARN_DEPRECATED_OBJC_IMPLEMENTATIONS = YES;
				CLANG_WARN_DIRECT_OBJC_ISA_USAGE = YES_ERROR;
				CLANG_WARN_DOCUMENTATION_COMMENTS = YES;
				CLANG_WARN_EMPTY_BODY = YES;
				CLANG_WARN_ENUM_CONVERSION = YES;
				CLANG_WARN_INFINITE_RECURSION = YES;
				CLANG_WARN_INT_CONVERSION = YES;
				CLANG_WARN_NON_LITERAL_NULL_CONVERSION = YES;
				CLANG_WARN_OBJC_IMPLICIT_RETAIN_SELF = YES;
				CLANG_WARN_OBJC_LITERAL_CONVERSION = YES;
				CLANG_WARN_OBJC_ROOT_CLASS = YES_ERROR;
				CLANG_WARN_RANGE_LOOP_ANALYSIS = YES;
				CLANG_WARN_STRICT_PROTOTYPES = YES;
				CLANG_WARN_SUSPICIOUS_MOVE = YES;
				CLANG_WARN_UNGUARDED_AVAILABILITY = YES_AGGRESSIVE;
				CLANG_WARN_UNREACHABLE_CODE = YES;
				CLANG_WARN__DUPLICATE_METHOD_MATCH = YES;
				CODE_SIGN_IDENTITY = "iPhone Developer";
				COPY_PHASE_STRIP = NO;
				DEBUG_INFORMATION_FORMAT = dwarf;
				ENABLE_STRICT_OBJC_MSGSEND = YES;
				ENABLE_TESTABILITY = YES;
				GCC_C_LANGUAGE_STANDARD = gnu11;
				GCC_DYNAMIC_NO_PIC = NO;
				GCC_NO_COMMON_BLOCKS = YES;
				GCC_OPTIMIZATION_LEVEL = 0;
				GCC_PREPROCESSOR_DEFINITIONS = (
					"DEBUG=1",
					"$(inherited)",
				);
				GCC_WARN_64_TO_32_BIT_CONVERSION = YES;
				GCC_WARN_ABOUT_RETURN_TYPE = YES_ERROR;
				GCC_WARN_UNDECLARED_SELECTOR = YES;
				GCC_WARN_UNINITIALIZED_AUTOS = YES_AGGRESSIVE;
				GCC_WARN_UNUSED_FUNCTION = YES;
				GCC_WARN_UNUSED_VARIABLE = YES;
				IPHONEOS_DEPLOYMENT_TARGET = 12.0;
				MTL_ENABLE_DEBUG_INFO = INCLUDE_SOURCE;
				MTL_FAST_MATH = YES;
				ONLY_ACTIVE_ARCH = YES;
				SDKROOT = iphoneos;
				SWIFT_ACTIVE_COMPILATION_CONDITIONS = DEBUG;
				SWIFT_OPTIMIZATION_LEVEL = "-Onone";
			};
			name = Debug;
		};
		DE34CA4E2198614C00B44AE2 /* Release */ = {
			isa = XCBuildConfiguration;
			buildSettings = {
				ALWAYS_SEARCH_USER_PATHS = NO;
				CLANG_ANALYZER_NONNULL = YES;
				CLANG_ANALYZER_NUMBER_OBJECT_CONVERSION = YES_AGGRESSIVE;
				CLANG_CXX_LANGUAGE_STANDARD = "gnu++14";
				CLANG_CXX_LIBRARY = "libc++";
				CLANG_ENABLE_MODULES = YES;
				CLANG_ENABLE_OBJC_ARC = YES;
				CLANG_ENABLE_OBJC_WEAK = YES;
				CLANG_WARN_BLOCK_CAPTURE_AUTORELEASING = YES;
				CLANG_WARN_BOOL_CONVERSION = YES;
				CLANG_WARN_COMMA = YES;
				CLANG_WARN_CONSTANT_CONVERSION = YES;
				CLANG_WARN_DEPRECATED_OBJC_IMPLEMENTATIONS = YES;
				CLANG_WARN_DIRECT_OBJC_ISA_USAGE = YES_ERROR;
				CLANG_WARN_DOCUMENTATION_COMMENTS = YES;
				CLANG_WARN_EMPTY_BODY = YES;
				CLANG_WARN_ENUM_CONVERSION = YES;
				CLANG_WARN_INFINITE_RECURSION = YES;
				CLANG_WARN_INT_CONVERSION = YES;
				CLANG_WARN_NON_LITERAL_NULL_CONVERSION = YES;
				CLANG_WARN_OBJC_IMPLICIT_RETAIN_SELF = YES;
				CLANG_WARN_OBJC_LITERAL_CONVERSION = YES;
				CLANG_WARN_OBJC_ROOT_CLASS = YES_ERROR;
				CLANG_WARN_RANGE_LOOP_ANALYSIS = YES;
				CLANG_WARN_STRICT_PROTOTYPES = YES;
				CLANG_WARN_SUSPICIOUS_MOVE = YES;
				CLANG_WARN_UNGUARDED_AVAILABILITY = YES_AGGRESSIVE;
				CLANG_WARN_UNREACHABLE_CODE = YES;
				CLANG_WARN__DUPLICATE_METHOD_MATCH = YES;
				CODE_SIGN_IDENTITY = "iPhone Developer";
				COPY_PHASE_STRIP = NO;
				DEBUG_INFORMATION_FORMAT = "dwarf-with-dsym";
				ENABLE_NS_ASSERTIONS = NO;
				ENABLE_STRICT_OBJC_MSGSEND = YES;
				GCC_C_LANGUAGE_STANDARD = gnu11;
				GCC_NO_COMMON_BLOCKS = YES;
				GCC_WARN_64_TO_32_BIT_CONVERSION = YES;
				GCC_WARN_ABOUT_RETURN_TYPE = YES_ERROR;
				GCC_WARN_UNDECLARED_SELECTOR = YES;
				GCC_WARN_UNINITIALIZED_AUTOS = YES_AGGRESSIVE;
				GCC_WARN_UNUSED_FUNCTION = YES;
				GCC_WARN_UNUSED_VARIABLE = YES;
				IPHONEOS_DEPLOYMENT_TARGET = 12.0;
				MTL_ENABLE_DEBUG_INFO = NO;
				MTL_FAST_MATH = YES;
				SDKROOT = iphoneos;
				SWIFT_COMPILATION_MODE = wholemodule;
				SWIFT_OPTIMIZATION_LEVEL = "-O";
				VALIDATE_PRODUCT = YES;
			};
			name = Release;
		};
		DE34CA502198614C00B44AE2 /* Debug */ = {
			isa = XCBuildConfiguration;
			buildSettings = {
				ASSETCATALOG_COMPILER_APPICON_NAME = AppIcon;
				CODE_SIGN_STYLE = Automatic;
				INFOPLIST_FILE = JobHunter/Info.plist;
				LD_RUNPATH_SEARCH_PATHS = (
					"$(inherited)",
					"@executable_path/Frameworks",
				);
				PRODUCT_BUNDLE_IDENTIFIER = tn.esprit.JobHunter;
				PRODUCT_NAME = "$(TARGET_NAME)";
				SWIFT_VERSION = 4.2;
				TARGETED_DEVICE_FAMILY = "1,2";
			};
			name = Debug;
		};
		DE34CA512198614C00B44AE2 /* Release */ = {
			isa = XCBuildConfiguration;
			buildSettings = {
				ASSETCATALOG_COMPILER_APPICON_NAME = AppIcon;
				CODE_SIGN_STYLE = Automatic;
				INFOPLIST_FILE = JobHunter/Info.plist;
				LD_RUNPATH_SEARCH_PATHS = (
					"$(inherited)",
					"@executable_path/Frameworks",
				);
				PRODUCT_BUNDLE_IDENTIFIER = tn.esprit.JobHunter;
				PRODUCT_NAME = "$(TARGET_NAME)";
				SWIFT_VERSION = 4.2;
				TARGETED_DEVICE_FAMILY = "1,2";
			};
			name = Release;
		};
/* End XCBuildConfiguration section */

/* Begin XCConfigurationList section */
		DE34CA352198614A00B44AE2 /* Build configuration list for PBXProject "JobHunter" */ = {
			isa = XCConfigurationList;
			buildConfigurations = (
				DE34CA4D2198614C00B44AE2 /* Debug */,
				DE34CA4E2198614C00B44AE2 /* Release */,
			);
			defaultConfigurationIsVisible = 0;
			defaultConfigurationName = Release;
		};
		DE34CA4F2198614C00B44AE2 /* Build configuration list for PBXNativeTarget "JobHunter" */ = {
			isa = XCConfigurationList;
			buildConfigurations = (
				DE34CA502198614C00B44AE2 /* Debug */,
				DE34CA512198614C00B44AE2 /* Release */,
			);
			defaultConfigurationIsVisible = 0;
			defaultConfigurationName = Release;
		};
/* End XCConfigurationList section */

/* Begin XCVersionGroup section */
		DE34CA442198614A00B44AE2 /* JobHunter.xcdatamodeld */ = {
			isa = XCVersionGroup;
			children = (
				DE34CA452198614A00B44AE2 /* JobHunter.xcdatamodel */,
			);
			currentVersion = DE34CA452198614A00B44AE2 /* JobHunter.xcdatamodel */;
			path = JobHunter.xcdatamodeld;
			sourceTree = "<group>";
			versionGroupType = wrapper.xcdatamodel;
		};
/* End XCVersionGroup section */
	};
	rootObject = DE34CA322198614A00B44AE2 /* Project object */;
}
